{
  "name": "nodebb-plugin-sso-wechat3",
  "version": "0.1.2",
  "lockfileVersion": 1,
  "requires": true,
  "dependencies": {
    "vconsole": {
      "version": "3.1.0",
      "resolved": "https://registry.npmjs.org/vconsole/-/vconsole-3.1.0.tgz",
      "integrity": "sha1-JNJnyZ5d6c15FDuYI0eAhq5vUGs="
    }
  }
}
