{
  "name": "nodebb-plugin-sso-wechat3",
  "version": "0.1.2",
  "lockfileVersion": 1,
  "requires": true,
  "dependencies": {
    "address": {
      "version": "1.0.3",
      "resolved": "http://registry.npm.taobao.org/address/download/address-1.0.3.tgz",
      "integrity": "sha1-tfUGMfjWzsi9IMljljr7VeBsvOk="
    },
    "debug": {
      "version": "3.1.0",
      "resolved": "http://registry.npm.taobao.org/debug/download/debug-3.1.0.tgz",
      "integrity": "sha1-W7WgZyYotkFJVmuhaBnmFRjGcmE=",
      "requires": {
        "ms": "2.0.0"
      }
    },
    "default-user-agent": {
      "version": "0.0.1",
      "resolved": "http://registry.npm.taobao.org/default-user-agent/download/default-user-agent-0.0.1.tgz",
      "integrity": "sha1-r7EkxYraBjX0720MFd2QZVUJirE="
    },
    "digest-header": {
      "version": "0.0.1",
      "resolved": "http://registry.npm.taobao.org/digest-header/download/digest-header-0.0.1.tgz",
      "integrity": "sha1-Ecz23uxXZqw3l0TZAcEsuklRS+Y=",
      "requires": {
        "utility": "0.1.11"
      }
    },
    "humanize-ms": {
      "version": "1.0.2",
      "resolved": "http://registry.npm.taobao.org/humanize-ms/download/humanize-ms-1.0.2.tgz",
      "integrity": "sha1-mGj7L3vuzRa58Lr/xTxFITvT/L0=",
      "requires": {
        "ms": "~0.7.0"
      },
      "dependencies": {
        "ms": {
          "version": "0.7.3",
          "resolved": "http://registry.npm.taobao.org/ms/download/ms-0.7.3.tgz",
          "integrity": "sha1-cIFVpeROM/X9D8U+gdDUCpG+H/8="
        }
      }
    },
    "iconv-lite": {
      "version": "0.4.24",
      "resolved": "http://registry.npm.taobao.org/iconv-lite/download/iconv-lite-0.4.24.tgz",
      "integrity": "sha1-ICK0sl+93CHS9SSXSkdKr+czkIs=",
      "requires": {
        "safer-buffer": ">= 2.1.2 < 3"
      }
    },
    "media-typer": {
      "version": "0.3.0",
      "resolved": "http://registry.npm.taobao.org/media-typer/download/media-typer-0.3.0.tgz",
      "integrity": "sha1-hxDXrwqmJvj/+hzgAWhUUmMlV0g="
    },
    "ms": {
      "version": "2.0.0",
      "resolved": "http://registry.npm.taobao.org/ms/download/ms-2.0.0.tgz",
      "integrity": "sha1-VgiurfwAvmwpAd9fmGF4jeDVl8g="
    },
    "native-or-bluebird": {
      "version": "1.2.0",
      "resolved": "http://registry.npm.taobao.org/native-or-bluebird/download/native-or-bluebird-1.2.0.tgz",
      "integrity": "sha1-OcR7/Xgl0fuf+tMiEK4l2q3xAck="
    },
    "passport": {
      "version": "0.3.2",
      "resolved": "http://registry.npm.taobao.org/passport/download/passport-0.3.2.tgz",
      "integrity": "sha1-ndAJ+RXo/glbASSgG4+C2gdRAQI=",
      "requires": {
        "passport-strategy": "1.x.x",
        "pause": "0.0.1"
      }
    },
    "passport-strategy": {
      "version": "1.0.0",
      "resolved": "http://registry.npm.taobao.org/passport-strategy/download/passport-strategy-1.0.0.tgz",
      "integrity": "sha1-tVOaqPwiWj0a0XlHbd8ja0QPUuQ="
    },
    "passport-wechat": {
      "version": "2.0.4",
      "resolved": "http://registry.npm.taobao.org/passport-wechat/download/passport-wechat-2.0.4.tgz",
      "integrity": "sha1-m2WL2bBOU0iJhSFlln4sm+EM+lY=",
      "requires": {
        "debug": "^3.1.0",
        "passport": "^0.3.0",
        "passport-strategy": "^1.0.0",
        "wechat-oauth": "^1.0.1",
        "xtend": "^4.0.0"
      }
    },
    "pause": {
      "version": "0.0.1",
      "resolved": "http://registry.npm.taobao.org/pause/download/pause-0.0.1.tgz",
      "integrity": "sha1-HUCLP9t2kjuVQ9lvtMnf1TXZy10="
    },
    "safer-buffer": {
      "version": "2.1.2",
      "resolved": "http://registry.npm.taobao.org/safer-buffer/download/safer-buffer-2.1.2.tgz",
      "integrity": "sha1-RPoWGwGHuVSd2Eu5GAL5vYOFzWo="
    },
    "statuses": {
      "version": "1.2.1",
      "resolved": "http://registry.npm.taobao.org/statuses/download/statuses-1.2.1.tgz",
      "integrity": "sha1-3e1FzBglbVHtQK7BQkidXGECbSg="
    },
    "urllib": {
      "version": "2.7.0",
      "resolved": "http://registry.npm.taobao.org/urllib/download/urllib-2.7.0.tgz",
      "integrity": "sha1-Kfm9XoGMDyVqmJ9ssHn4RGwgSiA=",
      "requires": {
        "debug": "~2.2.0",
        "default-user-agent": "~0.0.1",
        "digest-header": "~0.0.1",
        "humanize-ms": "~1.0.1",
        "iconv-lite": "~0.4.10",
        "media-typer": "~0.3.0",
        "native-or-bluebird": "~1.2.0",
        "statuses": "~1.2.1"
      },
      "dependencies": {
        "debug": {
          "version": "2.2.0",
          "resolved": "http://registry.npm.taobao.org/debug/download/debug-2.2.0.tgz",
          "integrity": "sha1-+HBX6ZWxofauaklgZkE3vFbwOdo=",
          "requires": {
            "ms": "0.7.1"
          }
        },
        "ms": {
          "version": "0.7.1",
          "resolved": "http://registry.npm.taobao.org/ms/download/ms-0.7.1.tgz",
          "integrity": "sha1-nNE8A62/8ltl7/3nzoZO6VIBcJg="
        }
      }
    },
    "utility": {
      "version": "0.1.11",
      "resolved": "http://registry.npm.taobao.org/utility/download/utility-0.1.11.tgz",
      "integrity": "sha1-/eYM+bTkdRlHoM9dEEzik2ciZxU=",
      "requires": {
        "address": ">=0.0.1"
      }
    },
    "wechat-oauth": {
      "version": "1.4.2",
      "resolved": "http://registry.npm.taobao.org/wechat-oauth/download/wechat-oauth-1.4.2.tgz",
      "integrity": "sha1-5bQJTXLXKKGf/DivKbh21/D135I=",
      "requires": {
        "urllib": "2.7.0"
      }
    },
    "xtend": {
      "version": "4.0.1",
      "resolved": "http://registry.npm.taobao.org/xtend/download/xtend-4.0.1.tgz",
      "integrity": "sha1-pcbVMr5lbiPbgg77lDofBJmNY68="
    }
  }
}
